
Microsoft Visual Studio Solution File, Format Version 12.00
# Visual Studio Version 16
VisualStudioVersion = 16.0.31729.503
MinimumVisualStudioVersion = 10.0.40219.1
Project("{FAE04EC0-301F-11D3-BF4B-00C04F79EFBC}") = "PatrykRuczkinLab3PracDom", "PatrykRuczkinLab3PracDom\PatrykRuczkinLab3PracDom.csproj", "{78BE12DD-0814-4D51-8932-0F43F3AFA1A6}"
EndProject
Global
	GlobalSection(SolutionConfigurationPlatforms) = preSolution
		Debug|Any CPU = Debug|Any CPU
		Release|Any CPU = Release|Any CPU
	EndGlobalSection
	GlobalSection(ProjectConfigurationPlatforms) = postSolution
		{78BE12DD-0814-4D51-8932-0F43F3AFA1A6}.Debug|Any CPU.ActiveCfg = Debug|Any CPU
		{78BE12DD-0814-4D51-8932-0F43F3AFA1A6}.Debug|Any CPU.Build.0 = Debug|Any CPU
		{78BE12DD-0814-4D51-8932-0F43F3AFA1A6}.Release|Any CPU.ActiveCfg = Release|Any CPU
		{78BE12DD-0814-4D51-8932-0F43F3AFA1A6}.Release|Any CPU.Build.0 = Release|Any CPU
	EndGlobalSection
	GlobalSection(SolutionProperties) = preSolution
		HideSolutionNode = FALSE
	EndGlobalSection
	GlobalSection(ExtensibilityGlobals) = postSolution
		SolutionGuid = {672E19BF-D725-4BD6-8705-16D05CAB9365}
	EndGlobalSection
EndGlobal
